
Microsoft Visual Studio Solution File, Format Version 12.00
# Visual Studio Version 17
VisualStudioVersion = 17.6.33815.320
MinimumVisualStudioVersion = 10.0.40219.1
Project("{2150E333-8FDC-42A3-9474-1A3956D46DE8}") = "src", "src", "{8FD7507B-1CE1-439D-94D7-4A8FE643A42C}"
EndProject
Project("{2150E333-8FDC-42A3-9474-1A3956D46DE8}") = "Api", "Api", "{49EE9CC6-38C8-4FE4-9E2E-5511896194C9}"
EndProject
Project("{2150E333-8FDC-42A3-9474-1A3956D46DE8}") = "Clients", "Clients", "{0EEE4120-9D0F-4507-A02E-012BE0298326}"
EndProject
Project("{2150E333-8FDC-42A3-9474-1A3956D46DE8}") = "Common", "Common", "{BDAAF3E6-D010-4CD0-85C5-2C69632A821D}"
EndProject
Project("{2150E333-8FDC-42A3-9474-1A3956D46DE8}") = "Projections", "Projections", "{EA2B1914-61D7-4056-84E9-6BF10FC9D4EF}"
EndProject
Project("{2150E333-8FDC-42A3-9474-1A3956D46DE8}") = "Core", "Core", "{764913DD-E672-46DA-90DF-B01F104512BF}"
EndProject
Project("{2150E333-8FDC-42A3-9474-1A3956D46DE8}") = "Infrastructure", "Infrastructure", "{397D0837-FE12-4C92-86D6-F04AC33D6491}"
EndProject
Project("{2150E333-8FDC-42A3-9474-1A3956D46DE8}") = "WebApi", "WebApi", "{4F01F479-3BFA-47DA-A371-6B948761DC16}"
EndProject
Project("{2150E333-8FDC-42A3-9474-1A3956D46DE8}") = "BlazorWeb", "BlazorWeb", "{FD793149-72A4-4C3C-BC13-65F39322408E}"
EndProject
Project("{9A19103F-16F7-4668-BE54-9A1E7A4F7556}") = "BlazorSozluk.Common", "src\Common\BlazorSozluk.Common\BlazorSozluk.Common.csproj", "{865A34C3-1B92-4CA0-8B0D-94D9649B2293}"
EndProject
Project("{9A19103F-16F7-4668-BE54-9A1E7A4F7556}") = "BlazorSozluk.Api.Domain", "src\Api\Core\BlazorSozluk.Api.Domain\BlazorSozluk.Api.Domain.csproj", "{440CBB37-4DFB-48A5-AF34-B2A81E973BFE}"
EndProject
Project("{9A19103F-16F7-4668-BE54-9A1E7A4F7556}") = "BlazorSozluk.Api.Application", "src\Api\Core\BlazorSozluk.Api.Application\BlazorSozluk.Api.Application.csproj", "{F9D4132D-39DB-4740-BADC-E0817FC48CE0}"
EndProject
Project("{9A19103F-16F7-4668-BE54-9A1E7A4F7556}") = "BlazorSozluk.Api.Infrastructure.Persistance", "src\Api\Infrastructure\BlazorSozluk.Infrastructure.Persistance\BlazorSozluk.Api.Infrastructure.Persistance.csproj", "{617A7320-329A-49B0-AFF1-EA9B3D4C6C8F}"
EndProject
Project("{9A19103F-16F7-4668-BE54-9A1E7A4F7556}") = "BlazorSozluk.Api.WebApi", "src\Api\WebApi\BlazorSozluk.Api.WebApi\BlazorSozluk.Api.WebApi.csproj", "{D9069D20-6500-4820-B0CE-3783904C6EC4}"
EndProject
Project("{9A19103F-16F7-4668-BE54-9A1E7A4F7556}") = "BlazorSozluk.Projections.FavoriteService", "src\Projections\BlazorSozluk.Projections.FavoriteService\BlazorSozluk.Projections.FavoriteService.csproj", "{F7EC3C1C-B548-4681-9B68-F1EE6F21CDD7}"
EndProject
Project("{9A19103F-16F7-4668-BE54-9A1E7A4F7556}") = "BlazorSozluk.Projections.VoteService", "src\Projections\BlazorSozluk.Projections.VoteService\BlazorSozluk.Projections.VoteService.csproj", "{CDDB8989-6C45-49FC-9A98-A7E979DD2D9A}"
EndProject
Project("{9A19103F-16F7-4668-BE54-9A1E7A4F7556}") = "BlazorSozluk.Projections.UserService", "src\Projections\BlazorSozluk.Projections.UserService\BlazorSozluk.Projections.UserService.csproj", "{2E26D254-CDC5-4B23-BBBA-A851647DF3D1}"
EndProject
Project("{9A19103F-16F7-4668-BE54-9A1E7A4F7556}") = "BlazorSozluk.WebApp", "src\Clients\BlazorWeb\BlazorSozluk.WebApp\BlazorSozluk.WebApp.csproj", "{DC94B4D1-3770-4B44-8749-7C7F8CEAB1AB}"
EndProject
Global
	GlobalSection(SolutionConfigurationPlatforms) = preSolution
		Debug|Any CPU = Debug|Any CPU
		Release|Any CPU = Release|Any CPU
	EndGlobalSection
	GlobalSection(ProjectConfigurationPlatforms) = postSolution
		{865A34C3-1B92-4CA0-8B0D-94D9649B2293}.Debug|Any CPU.ActiveCfg = Debug|Any CPU
		{865A34C3-1B92-4CA0-8B0D-94D9649B2293}.Debug|Any CPU.Build.0 = Debug|Any CPU
		{865A34C3-1B92-4CA0-8B0D-94D9649B2293}.Release|Any CPU.ActiveCfg = Release|Any CPU
		{865A34C3-1B92-4CA0-8B0D-94D9649B2293}.Release|Any CPU.Build.0 = Release|Any CPU
		{440CBB37-4DFB-48A5-AF34-B2A81E973BFE}.Debug|Any CPU.ActiveCfg = Debug|Any CPU
		{440CBB37-4DFB-48A5-AF34-B2A81E973BFE}.Debug|Any CPU.Build.0 = Debug|Any CPU
		{440CBB37-4DFB-48A5-AF34-B2A81E973BFE}.Release|Any CPU.ActiveCfg = Release|Any CPU
		{440CBB37-4DFB-48A5-AF34-B2A81E973BFE}.Release|Any CPU.Build.0 = Release|Any CPU
		{F9D4132D-39DB-4740-BADC-E0817FC48CE0}.Debug|Any CPU.ActiveCfg = Debug|Any CPU
		{F9D4132D-39DB-4740-BADC-E0817FC48CE0}.Debug|Any CPU.Build.0 = Debug|Any CPU
		{F9D4132D-39DB-4740-BADC-E0817FC48CE0}.Release|Any CPU.ActiveCfg = Release|Any CPU
		{F9D4132D-39DB-4740-BADC-E0817FC48CE0}.Release|Any CPU.Build.0 = Release|Any CPU
		{617A7320-329A-49B0-AFF1-EA9B3D4C6C8F}.Debug|Any CPU.ActiveCfg = Debug|Any CPU
		{617A7320-329A-49B0-AFF1-EA9B3D4C6C8F}.Debug|Any CPU.Build.0 = Debug|Any CPU
		{617A7320-329A-49B0-AFF1-EA9B3D4C6C8F}.Release|Any CPU.ActiveCfg = Release|Any CPU
		{617A7320-329A-49B0-AFF1-EA9B3D4C6C8F}.Release|Any CPU.Build.0 = Release|Any CPU
		{D9069D20-6500-4820-B0CE-3783904C6EC4}.Debug|Any CPU.ActiveCfg = Debug|Any CPU
		{D9069D20-6500-4820-B0CE-3783904C6EC4}.Debug|Any CPU.Build.0 = Debug|Any CPU
		{D9069D20-6500-4820-B0CE-3783904C6EC4}.Release|Any CPU.ActiveCfg = Release|Any CPU
		{D9069D20-6500-4820-B0CE-3783904C6EC4}.Release|Any CPU.Build.0 = Release|Any CPU
		{F7EC3C1C-B548-4681-9B68-F1EE6F21CDD7}.Debug|Any CPU.ActiveCfg = Debug|Any CPU
		{F7EC3C1C-B548-4681-9B68-F1EE6F21CDD7}.Debug|Any CPU.Build.0 = Debug|Any CPU
		{F7EC3C1C-B548-4681-9B68-F1EE6F21CDD7}.Release|Any CPU.ActiveCfg = Release|Any CPU
		{F7EC3C1C-B548-4681-9B68-F1EE6F21CDD7}.Release|Any CPU.Build.0 = Release|Any CPU
		{CDDB8989-6C45-49FC-9A98-A7E979DD2D9A}.Debug|Any CPU.ActiveCfg = Debug|Any CPU
		{CDDB8989-6C45-49FC-9A98-A7E979DD2D9A}.Debug|Any CPU.Build.0 = Debug|Any CPU
		{CDDB8989-6C45-49FC-9A98-A7E979DD2D9A}.Release|Any CPU.ActiveCfg = Release|Any CPU
		{CDDB8989-6C45-49FC-9A98-A7E979DD2D9A}.Release|Any CPU.Build.0 = Release|Any CPU
		{2E26D254-CDC5-4B23-BBBA-A851647DF3D1}.Debug|Any CPU.ActiveCfg = Debug|Any CPU
		{2E26D254-CDC5-4B23-BBBA-A851647DF3D1}.Debug|Any CPU.Build.0 = Debug|Any CPU
		{2E26D254-CDC5-4B23-BBBA-A851647DF3D1}.Release|Any CPU.ActiveCfg = Release|Any CPU
		{2E26D254-CDC5-4B23-BBBA-A851647DF3D1}.Release|Any CPU.Build.0 = Release|Any CPU
		{DC94B4D1-3770-4B44-8749-7C7F8CEAB1AB}.Debug|Any CPU.ActiveCfg = Debug|Any CPU
		{DC94B4D1-3770-4B44-8749-7C7F8CEAB1AB}.Debug|Any CPU.Build.0 = Debug|Any CPU
		{DC94B4D1-3770-4B44-8749-7C7F8CEAB1AB}.Release|Any CPU.ActiveCfg = Release|Any CPU
		{DC94B4D1-3770-4B44-8749-7C7F8CEAB1AB}.Release|Any CPU.Build.0 = Release|Any CPU
	EndGlobalSection
	GlobalSection(SolutionProperties) = preSolution
		HideSolutionNode = FALSE
	EndGlobalSection
	GlobalSection(NestedProjects) = preSolution
		{49EE9CC6-38C8-4FE4-9E2E-5511896194C9} = {8FD7507B-1CE1-439D-94D7-4A8FE643A42C}
		{0EEE4120-9D0F-4507-A02E-012BE0298326} = {8FD7507B-1CE1-439D-94D7-4A8FE643A42C}
		{BDAAF3E6-D010-4CD0-85C5-2C69632A821D} = {8FD7507B-1CE1-439D-94D7-4A8FE643A42C}
		{EA2B1914-61D7-4056-84E9-6BF10FC9D4EF} = {8FD7507B-1CE1-439D-94D7-4A8FE643A42C}
		{764913DD-E672-46DA-90DF-B01F104512BF} = {49EE9CC6-38C8-4FE4-9E2E-5511896194C9}
		{397D0837-FE12-4C92-86D6-F04AC33D6491} = {49EE9CC6-38C8-4FE4-9E2E-5511896194C9}
		{4F01F479-3BFA-47DA-A371-6B948761DC16} = {49EE9CC6-38C8-4FE4-9E2E-5511896194C9}
		{FD793149-72A4-4C3C-BC13-65F39322408E} = {0EEE4120-9D0F-4507-A02E-012BE0298326}
		{865A34C3-1B92-4CA0-8B0D-94D9649B2293} = {BDAAF3E6-D010-4CD0-85C5-2C69632A821D}
		{440CBB37-4DFB-48A5-AF34-B2A81E973BFE} = {764913DD-E672-46DA-90DF-B01F104512BF}
		{F9D4132D-39DB-4740-BADC-E0817FC48CE0} = {764913DD-E672-46DA-90DF-B01F104512BF}
		{617A7320-329A-49B0-AFF1-EA9B3D4C6C8F} = {397D0837-FE12-4C92-86D6-F04AC33D6491}
		{D9069D20-6500-4820-B0CE-3783904C6EC4} = {4F01F479-3BFA-47DA-A371-6B948761DC16}
		{F7EC3C1C-B548-4681-9B68-F1EE6F21CDD7} = {EA2B1914-61D7-4056-84E9-6BF10FC9D4EF}
		{CDDB8989-6C45-49FC-9A98-A7E979DD2D9A} = {EA2B1914-61D7-4056-84E9-6BF10FC9D4EF}
		{2E26D254-CDC5-4B23-BBBA-A851647DF3D1} = {EA2B1914-61D7-4056-84E9-6BF10FC9D4EF}
		{DC94B4D1-3770-4B44-8749-7C7F8CEAB1AB} = {FD793149-72A4-4C3C-BC13-65F39322408E}
	EndGlobalSection
	GlobalSection(ExtensibilityGlobals) = postSolution
		SolutionGuid = {7926D45F-2937-44E8-B34C-E8B71D4EC1FB}
	EndGlobalSection
EndGlobal
